// !$*UTF8*$!
{
	archiveVersion = 1;
	classes = {
	};
	objectVersion = 50;
	objects = {

/* Begin PBXBuildFile section */
		1B6DBABA21B273B4008851BA /* data.txt in CopyFiles */ = {isa = PBXBuildFile; fileRef = 1B0E47B721B26B4400F0FC76 /* data.txt */; };
		1B6DBABC21B273F1008851BA /* Utilities.swift in Sources */ = {isa = PBXBuildFile; fileRef = 1B6DBABB21B273F1008851BA /* Utilities.swift */; };
		1B6DBAC521B2916A008851BA /* main.swift in Sources */ = {isa = PBXBuildFile; fileRef = 1B6DBAC421B2916A008851BA /* main.swift */; };
		1BC6C33821988C7700320139 /* main.swift in Sources */ = {isa = PBXBuildFile; fileRef = 1BC6C33721988C7700320139 /* main.swift */; };
		1BC6C34521988D7100320139 /* main.swift in Sources */ = {isa = PBXBuildFile; fileRef = 1BC6C34421988D7100320139 /* main.swift */; };
/* End PBXBuildFile section */

/* Begin PBXCopyFilesBuildPhase section */
		1B6DBAB921B273A4008851BA /* CopyFiles */ = {
			isa = PBXCopyFilesBuildPhase;
			buildActionMask = 2147483647;
			dstPath = "";
			dstSubfolderSpec = 7;
			files = (
				1B6DBABA21B273B4008851BA /* data.txt in CopyFiles */,
			);
			runOnlyForDeploymentPostprocessing = 0;
		};
		1B6DBAC021B2916A008851BA /* CopyFiles */ = {
			isa = PBXCopyFilesBuildPhase;
			buildActionMask = 2147483647;
			dstPath = /usr/share/man/man1/;
			dstSubfolderSpec = 0;
			files = (
			);
			runOnlyForDeploymentPostprocessing = 1;
		};
		1BC6C33221988C7700320139 /* CopyFiles */ = {
			isa = PBXCopyFilesBuildPhase;
			buildActionMask = 2147483647;
			dstPath = /usr/share/man/man1/;
			dstSubfolderSpec = 0;
			files = (
			);
			runOnlyForDeploymentPostprocessing = 1;
		};
/* End PBXCopyFilesBuildPhase section */

/* Begin PBXFileReference section */
		1B0E47B721B26B4400F0FC76 /* data.txt */ = {isa = PBXFileReference; explicitFileType = text; fileEncoding = 4; path = data.txt; sourceTree = "<group>"; };
		1B6DBABB21B273F1008851BA /* Utilities.swift */ = {isa = PBXFileReference; lastKnownFileType = sourcecode.swift; path = Utilities.swift; sourceTree = "<group>"; };
		1B6DBAC221B2916A008851BA /* Day2 */ = {isa = PBXFileReference; explicitFileType = "compiled.mach-o.executable"; includeInIndex = 0; path = Day2; sourceTree = BUILT_PRODUCTS_DIR; };
		1B6DBAC421B2916A008851BA /* main.swift */ = {isa = PBXFileReference; lastKnownFileType = sourcecode.swift; path = main.swift; sourceTree = "<group>"; };
		1BC6C33421988C7700320139 /* AdventOfCode2018 */ = {isa = PBXFileReference; explicitFileType = "compiled.mach-o.executable"; includeInIndex = 0; path = AdventOfCode2018; sourceTree = BUILT_PRODUCTS_DIR; };
		1BC6C33721988C7700320139 /* main.swift */ = {isa = PBXFileReference; lastKnownFileType = sourcecode.swift; path = main.swift; sourceTree = "<group>"; };
		1BC6C34221988D7100320139 /* Day1 */ = {isa = PBXFileReference; explicitFileType = "compiled.mach-o.executable"; includeInIndex = 0; path = Day1; sourceTree = BUILT_PRODUCTS_DIR; };
		1BC6C34421988D7100320139 /* main.swift */ = {isa = PBXFileReference; lastKnownFileType = sourcecode.swift; path = main.swift; sourceTree = "<group>"; };
/* End PBXFileReference section */

/* Begin PBXFrameworksBuildPhase section */
		1B6DBABF21B2916A008851BA /* Frameworks */ = {
			isa = PBXFrameworksBuildPhase;
			buildActionMask = 2147483647;
			files = (
			);
			runOnlyForDeploymentPostprocessing = 0;
		};
		1BC6C33121988C7700320139 /* Frameworks */ = {
			isa = PBXFrameworksBuildPhase;
			buildActionMask = 2147483647;
			files = (
			);
			runOnlyForDeploymentPostprocessing = 0;
		};
/* End PBXFrameworksBuildPhase section */

/* Begin PBXGroup section */
		1B6DBAC321B2916A008851BA /* Day2 */ = {
			isa = PBXGroup;
			children = (
				1B6DBAC421B2916A008851BA /* main.swift */,
			);
			path = Day2;
			sourceTree = "<group>";
		};
		1BC6C32B21988C7700320139 = {
			isa = PBXGroup;
			children = (
				1BC6C33621988C7700320139 /* AdventOfCode2018 */,
				1BC6C34321988D7100320139 /* Day1 */,
				1B6DBAC321B2916A008851BA /* Day2 */,
				1BC6C33521988C7700320139 /* Products */,
			);
			sourceTree = "<group>";
		};
		1BC6C33521988C7700320139 /* Products */ = {
			isa = PBXGroup;
			children = (
				1BC6C33421988C7700320139 /* AdventOfCode2018 */,
				1BC6C34221988D7100320139 /* Day1 */,
				1B6DBAC221B2916A008851BA /* Day2 */,
			);
			name = Products;
			sourceTree = "<group>";
		};
		1BC6C33621988C7700320139 /* AdventOfCode2018 */ = {
			isa = PBXGroup;
			children = (
				1BC6C33721988C7700320139 /* main.swift */,
			);
			path = AdventOfCode2018;
			sourceTree = "<group>";
		};
		1BC6C34321988D7100320139 /* Day1 */ = {
			isa = PBXGroup;
			children = (
				1B0E47B721B26B4400F0FC76 /* data.txt */,
				1BC6C34421988D7100320139 /* main.swift */,
				1B6DBABB21B273F1008851BA /* Utilities.swift */,
			);
			path = Day1;
			sourceTree = "<group>";
		};
/* End PBXGroup section */

/* Begin PBXNativeTarget section */
		1B6DBAC121B2916A008851BA /* Day2 */ = {
			isa = PBXNativeTarget;
			buildConfigurationList = 1B6DBAC621B2916A008851BA /* Build configuration list for PBXNativeTarget "Day2" */;
			buildPhases = (
				1B6DBABE21B2916A008851BA /* Sources */,
				1B6DBABF21B2916A008851BA /* Frameworks */,
				1B6DBAC021B2916A008851BA /* CopyFiles */,
			);
			buildRules = (
			);
			dependencies = (
			);
			name = Day2;
			productName = Day2;
			productReference = 1B6DBAC221B2916A008851BA /* Day2 */;
			productType = "com.apple.product-type.tool";
		};
		1BC6C33321988C7700320139 /* AdventOfCode2018 */ = {
			isa = PBXNativeTarget;
			buildConfigurationList = 1BC6C33B21988C7700320139 /* Build configuration list for PBXNativeTarget "AdventOfCode2018" */;
			buildPhases = (
				1BC6C33021988C7700320139 /* Sources */,
				1BC6C33121988C7700320139 /* Frameworks */,
				1BC6C33221988C7700320139 /* CopyFiles */,
			);
			buildRules = (
			);
			dependencies = (
			);
			name = AdventOfCode2018;
			productName = AdventOfCode2018;
			productReference = 1BC6C33421988C7700320139 /* AdventOfCode2018 */;
			productType = "com.apple.product-type.tool";
		};
		1BC6C34121988D7100320139 /* Day1 */ = {
			isa = PBXNativeTarget;
			buildConfigurationList = 1BC6C34621988D7100320139 /* Build configuration list for PBXNativeTarget "Day1" */;
			buildPhases = (
				1BC6C33E21988D7100320139 /* Sources */,
				1B6DBAB921B273A4008851BA /* CopyFiles */,
				1B6DBABD21B27406008851BA /* ShellScript */,
			);
			buildRules = (
			);
			dependencies = (
			);
			name = Day1;
			productName = Day1;
			productReference = 1BC6C34221988D7100320139 /* Day1 */;
			productType = "com.apple.product-type.tool";
		};
/* End PBXNativeTarget section */

/* Begin PBXProject section */
		1BC6C32C21988C7700320139 /* Project object */ = {
			isa = PBXProject;
			attributes = {
				LastSwiftUpdateCheck = 1010;
				LastUpgradeCheck = 1010;
				ORGANIZATIONNAME = "Levente Vig";
				TargetAttributes = {
					1B6DBAC121B2916A008851BA = {
						CreatedOnToolsVersion = 10.1;
					};
					1BC6C33321988C7700320139 = {
						CreatedOnToolsVersion = 10.1;
					};
					1BC6C34121988D7100320139 = {
						CreatedOnToolsVersion = 10.1;
					};
				};
			};
			buildConfigurationList = 1BC6C32F21988C7700320139 /* Build configuration list for PBXProject "AdventOfCode2018" */;
			compatibilityVersion = "Xcode 9.3";
			developmentRegion = en;
			hasScannedForEncodings = 0;
			knownRegions = (
				en,
			);
			mainGroup = 1BC6C32B21988C7700320139;
			productRefGroup = 1BC6C33521988C7700320139 /* Products */;
			projectDirPath = "";
			projectRoot = "";
			targets = (
				1BC6C33321988C7700320139 /* AdventOfCode2018 */,
				1BC6C34121988D7100320139 /* Day1 */,
				1B6DBAC121B2916A008851BA /* Day2 */,
			);
		};
/* End PBXProject section */

/* Begin PBXShellScriptBuildPhase section */
		1B6DBABD21B27406008851BA /* ShellScript */ = {
			isa = PBXShellScriptBuildPhase;
			buildActionMask = 2147483647;
			files = (
			);
			inputFileListPaths = (
			);
			inputPaths = (
			);
			outputFileListPaths = (
			);
			outputPaths = (
			);
			runOnlyForDeploymentPostprocessing = 0;
			shellPath = /bin/sh;
			shellScript = "if which swiftlint >/dev/null; then\nswiftlint\nelse\necho \"warning: SwiftLint not installed, download from https://github.com/realm/SwiftLint\"\nfi\n";
		};
/* End PBXShellScriptBuildPhase section */

/* Begin PBXSourcesBuildPhase section */
		1B6DBABE21B2916A008851BA /* Sources */ = {
			isa = PBXSourcesBuildPhase;
			buildActionMask = 2147483647;
			files = (
				1B6DBAC521B2916A008851BA /* main.swift in Sources */,
			);
			runOnlyForDeploymentPostprocessing = 0;
		};
		1BC6C33021988C7700320139 /* Sources */ = {
			isa = PBXSourcesBuildPhase;
			buildActionMask = 2147483647;
			files = (
				1BC6C33821988C7700320139 /* main.swift in Sources */,
			);
			runOnlyForDeploymentPostprocessing = 0;
		};
		1BC6C33E21988D7100320139 /* Sources */ = {
			isa = PBXSourcesBuildPhase;
			buildActionMask = 2147483647;
			files = (
				1B6DBABC21B273F1008851BA /* Utilities.swift in Sources */,
				1BC6C34521988D7100320139 /* main.swift in Sources */,
			);
			runOnlyForDeploymentPostprocessing = 0;
		};
/* End PBXSourcesBuildPhase section */

/* Begin XCBuildConfiguration section */
		1B6DBAC721B2916A008851BA /* Debug */ = {
			isa = XCBuildConfiguration;
			buildSettings = {
				CODE_SIGN_STYLE = Automatic;
				DEVELOPMENT_TEAM = 48KF4TL849;
				PRODUCT_NAME = "$(TARGET_NAME)";
				SWIFT_VERSION = 4.2;
			};
			name = Debug;
		};
		1B6DBAC821B2916A008851BA /* Release */ = {
			isa = XCBuildConfiguration;
			buildSettings = {
				CODE_SIGN_STYLE = Automatic;
				DEVELOPMENT_TEAM = 48KF4TL849;
				PRODUCT_NAME = "$(TARGET_NAME)";
				SWIFT_VERSION = 4.2;
			};
			name = Release;
		};
		1BC6C33921988C7700320139 /* Debug */ = {
			isa = XCBuildConfiguration;
			buildSettings = {
				ALWAYS_SEARCH_USER_PATHS = NO;
				CLANG_ANALYZER_NONNULL = YES;
				CLANG_ANALYZER_NUMBER_OBJECT_CONVERSION = YES_AGGRESSIVE;
				CLANG_CXX_LANGUAGE_STANDARD = "gnu++14";
				CLANG_CXX_LIBRARY = "libc++";
				CLANG_ENABLE_MODULES = YES;
				CLANG_ENABLE_OBJC_ARC = YES;
				CLANG_ENABLE_OBJC_WEAK = YES;
				CLANG_WARN_BLOCK_CAPTURE_AUTORELEASING = YES;
				CLANG_WARN_BOOL_CONVERSION = YES;
				CLANG_WARN_COMMA = YES;
				CLANG_WARN_CONSTANT_CONVERSION = YES;
				CLANG_WARN_DEPRECATED_OBJC_IMPLEMENTATIONS = YES;
				CLANG_WARN_DIRECT_OBJC_ISA_USAGE = YES_ERROR;
				CLANG_WARN_DOCUMENTATION_COMMENTS = YES;
				CLANG_WARN_EMPTY_BODY = YES;
				CLANG_WARN_ENUM_CONVERSION = YES;
				CLANG_WARN_INFINITE_RECURSION = YES;
				CLANG_WARN_INT_CONVERSION = YES;
				CLANG_WARN_NON_LITERAL_NULL_CONVERSION = YES;
				CLANG_WARN_OBJC_IMPLICIT_RETAIN_SELF = YES;
				CLANG_WARN_OBJC_LITERAL_CONVERSION = YES;
				CLANG_WARN_OBJC_ROOT_CLASS = YES_ERROR;
				CLANG_WARN_RANGE_LOOP_ANALYSIS = YES;
				CLANG_WARN_STRICT_PROTOTYPES = YES;
				CLANG_WARN_SUSPICIOUS_MOVE = YES;
				CLANG_WARN_UNGUARDED_AVAILABILITY = YES_AGGRESSIVE;
				CLANG_WARN_UNREACHABLE_CODE = YES;
				CLANG_WARN__DUPLICATE_METHOD_MATCH = YES;
				CODE_SIGN_IDENTITY = "Mac Developer";
				COPY_PHASE_STRIP = NO;
				DEBUG_INFORMATION_FORMAT = dwarf;
				ENABLE_STRICT_OBJC_MSGSEND = YES;
				ENABLE_TESTABILITY = YES;
				GCC_C_LANGUAGE_STANDARD = gnu11;
				GCC_DYNAMIC_NO_PIC = NO;
				GCC_NO_COMMON_BLOCKS = YES;
				GCC_OPTIMIZATION_LEVEL = 0;
				GCC_PREPROCESSOR_DEFINITIONS = (
					"DEBUG=1",
					"$(inherited)",
				);
				GCC_WARN_64_TO_32_BIT_CONVERSION = YES;
				GCC_WARN_ABOUT_RETURN_TYPE = YES_ERROR;
				GCC_WARN_UNDECLARED_SELECTOR = YES;
				GCC_WARN_UNINITIALIZED_AUTOS = YES_AGGRESSIVE;
				GCC_WARN_UNUSED_FUNCTION = YES;
				GCC_WARN_UNUSED_VARIABLE = YES;
				MACOSX_DEPLOYMENT_TARGET = 10.14;
				MTL_ENABLE_DEBUG_INFO = INCLUDE_SOURCE;
				MTL_FAST_MATH = YES;
				ONLY_ACTIVE_ARCH = YES;
				SDKROOT = macosx;
				SWIFT_ACTIVE_COMPILATION_CONDITIONS = DEBUG;
				SWIFT_OPTIMIZATION_LEVEL = "-Onone";
			};
			name = Debug;
		};
		1BC6C33A21988C7700320139 /* Release */ = {
			isa = XCBuildConfiguration;
			buildSettings = {
				ALWAYS_SEARCH_USER_PATHS = NO;
				CLANG_ANALYZER_NONNULL = YES;
				CLANG_ANALYZER_NUMBER_OBJECT_CONVERSION = YES_AGGRESSIVE;
				CLANG_CXX_LANGUAGE_STANDARD = "gnu++14";
				CLANG_CXX_LIBRARY = "libc++";
				CLANG_ENABLE_MODULES = YES;
				CLANG_ENABLE_OBJC_ARC = YES;
				CLANG_ENABLE_OBJC_WEAK = YES;
				CLANG_WARN_BLOCK_CAPTURE_AUTORELEASING = YES;
				CLANG_WARN_BOOL_CONVERSION = YES;
				CLANG_WARN_COMMA = YES;
				CLANG_WARN_CONSTANT_CONVERSION = YES;
				CLANG_WARN_DEPRECATED_OBJC_IMPLEMENTATIONS = YES;
				CLANG_WARN_DIRECT_OBJC_ISA_USAGE = YES_ERROR;
				CLANG_WARN_DOCUMENTATION_COMMENTS = YES;
				CLANG_WARN_EMPTY_BODY = YES;
				CLANG_WARN_ENUM_CONVERSION = YES;
				CLANG_WARN_INFINITE_RECURSION = YES;
				CLANG_WARN_INT_CONVERSION = YES;
				CLANG_WARN_NON_LITERAL_NULL_CONVERSION = YES;
				CLANG_WARN_OBJC_IMPLICIT_RETAIN_SELF = YES;
				CLANG_WARN_OBJC_LITERAL_CONVERSION = YES;
				CLANG_WARN_OBJC_ROOT_CLASS = YES_ERROR;
				CLANG_WARN_RANGE_LOOP_ANALYSIS = YES;
				CLANG_WARN_STRICT_PROTOTYPES = YES;
				CLANG_WARN_SUSPICIOUS_MOVE = YES;
				CLANG_WARN_UNGUARDED_AVAILABILITY = YES_AGGRESSIVE;
				CLANG_WARN_UNREACHABLE_CODE = YES;
				CLANG_WARN__DUPLICATE_METHOD_MATCH = YES;
				CODE_SIGN_IDENTITY = "Mac Developer";
				COPY_PHASE_STRIP = NO;
				DEBUG_INFORMATION_FORMAT = "dwarf-with-dsym";
				ENABLE_NS_ASSERTIONS = NO;
				ENABLE_STRICT_OBJC_MSGSEND = YES;
				GCC_C_LANGUAGE_STANDARD = gnu11;
				GCC_NO_COMMON_BLOCKS = YES;
				GCC_WARN_64_TO_32_BIT_CONVERSION = YES;
				GCC_WARN_ABOUT_RETURN_TYPE = YES_ERROR;
				GCC_WARN_UNDECLARED_SELECTOR = YES;
				GCC_WARN_UNINITIALIZED_AUTOS = YES_AGGRESSIVE;
				GCC_WARN_UNUSED_FUNCTION = YES;
				GCC_WARN_UNUSED_VARIABLE = YES;
				MACOSX_DEPLOYMENT_TARGET = 10.14;
				MTL_ENABLE_DEBUG_INFO = NO;
				MTL_FAST_MATH = YES;
				SDKROOT = macosx;
				SWIFT_COMPILATION_MODE = wholemodule;
				SWIFT_OPTIMIZATION_LEVEL = "-O";
			};
			name = Release;
		};
		1BC6C33C21988C7700320139 /* Debug */ = {
			isa = XCBuildConfiguration;
			buildSettings = {
				CODE_SIGN_STYLE = Automatic;
				DEVELOPMENT_TEAM = 48KF4TL849;
				PRODUCT_NAME = "$(TARGET_NAME)";
				SWIFT_VERSION = 4.2;
			};
			name = Debug;
		};
		1BC6C33D21988C7700320139 /* Release */ = {
			isa = XCBuildConfiguration;
			buildSettings = {
				CODE_SIGN_STYLE = Automatic;
				DEVELOPMENT_TEAM = 48KF4TL849;
				PRODUCT_NAME = "$(TARGET_NAME)";
				SWIFT_VERSION = 4.2;
			};
			name = Release;
		};
		1BC6C34721988D7100320139 /* Debug */ = {
			isa = XCBuildConfiguration;
			buildSettings = {
				CODE_SIGN_STYLE = Automatic;
				DEVELOPMENT_TEAM = 48KF4TL849;
				PRODUCT_NAME = "$(TARGET_NAME)";
				SWIFT_VERSION = 4.2;
			};
			name = Debug;
		};
		1BC6C34821988D7100320139 /* Release */ = {
			isa = XCBuildConfiguration;
			buildSettings = {
				CODE_SIGN_STYLE = Automatic;
				DEVELOPMENT_TEAM = 48KF4TL849;
				PRODUCT_NAME = "$(TARGET_NAME)";
				SWIFT_VERSION = 4.2;
			};
			name = Release;
		};
/* End XCBuildConfiguration section */

/* Begin XCConfigurationList section */
		1B6DBAC621B2916A008851BA /* Build configuration list for PBXNativeTarget "Day2" */ = {
			isa = XCConfigurationList;
			buildConfigurations = (
				1B6DBAC721B2916A008851BA /* Debug */,
				1B6DBAC821B2916A008851BA /* Release */,
			);
			defaultConfigurationIsVisible = 0;
			defaultConfigurationName = Release;
		};
		1BC6C32F21988C7700320139 /* Build configuration list for PBXProject "AdventOfCode2018" */ = {
			isa = XCConfigurationList;
			buildConfigurations = (
				1BC6C33921988C7700320139 /* Debug */,
				1BC6C33A21988C7700320139 /* Release */,
			);
			defaultConfigurationIsVisible = 0;
			defaultConfigurationName = Release;
		};
		1BC6C33B21988C7700320139 /* Build configuration list for PBXNativeTarget "AdventOfCode2018" */ = {
			isa = XCConfigurationList;
			buildConfigurations = (
				1BC6C33C21988C7700320139 /* Debug */,
				1BC6C33D21988C7700320139 /* Release */,
			);
			defaultConfigurationIsVisible = 0;
			defaultConfigurationName = Release;
		};
		1BC6C34621988D7100320139 /* Build configuration list for PBXNativeTarget "Day1" */ = {
			isa = XCConfigurationList;
			buildConfigurations = (
				1BC6C34721988D7100320139 /* Debug */,
				1BC6C34821988D7100320139 /* Release */,
			);
			defaultConfigurationIsVisible = 0;
			defaultConfigurationName = Release;
		};
/* End XCConfigurationList section */
	};
	rootObject = 1BC6C32C21988C7700320139 /* Project object */;
}
